
Microsoft Visual Studio Solution File, Format Version 12.00
# Visual Studio Version 17
VisualStudioVersion = 17.11.35327.3
MinimumVisualStudioVersion = 10.0.40219.1
Project("{FAE04EC0-301F-11D3-BF4B-00C04F79EFBC}") = "PrincessTails", "PrincessTails.csproj", "{324DE51F-8306-46C9-9ABD-C21476E8680E}"
EndProject
Global
	GlobalSection(SolutionConfigurationPlatforms) = preSolution
		Release|Any CPU = Release|Any CPU
	EndGlobalSection
	GlobalSection(ProjectConfigurationPlatforms) = postSolution
		{324DE51F-8306-46C9-9ABD-C21476E8680E}.Release|Any CPU.ActiveCfg = Release|Any CPU
		{324DE51F-8306-46C9-9ABD-C21476E8680E}.Release|Any CPU.Build.0 = Release|Any CPU
	EndGlobalSection
	GlobalSection(SolutionProperties) = preSolution
		HideSolutionNode = FALSE
	EndGlobalSection
	GlobalSection(ExtensibilityGlobals) = postSolution
		SolutionGuid = {A33DA5A6-4230-404C-87F0-63B618B172B2}
	EndGlobalSection
EndGlobal
